
Microsoft Visual Studio Solution File, Format Version 12.00
# Visual Studio 15
VisualStudioVersion = 15.0.27428.2043
MinimumVisualStudioVersion = 10.0.40219.1
Project("{D2ABAB84-BF74-430A-B69E-9DC6D40DDA17}") = "MisCubos", "MisCubos\MisCubos.dwproj", "{7D70FABA-8664-45D6-A928-D037A7F1D51E}"
EndProject
Global
	GlobalSection(SolutionConfigurationPlatforms) = preSolution
		Development|Default = Development|Default
	EndGlobalSection
	GlobalSection(ProjectConfigurationPlatforms) = postSolution
		{7D70FABA-8664-45D6-A928-D037A7F1D51E}.Development|Default.ActiveCfg = Development
		{7D70FABA-8664-45D6-A928-D037A7F1D51E}.Development|Default.Build.0 = Development
		{7D70FABA-8664-45D6-A928-D037A7F1D51E}.Development|Default.Deploy.0 = Development
	EndGlobalSection
	GlobalSection(SolutionProperties) = preSolution
		HideSolutionNode = FALSE
	EndGlobalSection
	GlobalSection(ExtensibilityGlobals) = postSolution
		SolutionGuid = {F6DA7933-7437-490F-AD6D-BD1EC04211FF}
	EndGlobalSection
EndGlobal
